Microsoft Visual Studio Solution File, Format Version 12.00
# Visual Studio Version 17
VisualStudioVersion = 17.5.2.0
MinimumVisualStudioVersion = 10.0.40219.1
Project("{FAE04EC0-301F-11D3-BF4B-00C04F79EFBC}") = "ServiceCredentialer", "ServiceCredentialer.csproj", "{B3162270-5DD7-D060-C9CC-1A9520F5A121}"
EndProject
Global
	GlobalSection(SolutionConfigurationPlatforms) = preSolution
		Debug|Any CPU = Debug|Any CPU
		Release|Any CPU = Release|Any CPU
	EndGlobalSection
	GlobalSection(ProjectConfigurationPlatforms) = postSolution
		{B3162270-5DD7-D060-C9CC-1A9520F5A121}.Debug|Any CPU.ActiveCfg = Debug|Any CPU
		{B3162270-5DD7-D060-C9CC-1A9520F5A121}.Debug|Any CPU.Build.0 = Debug|Any CPU
		{B3162270-5DD7-D060-C9CC-1A9520F5A121}.Release|Any CPU.ActiveCfg = Release|Any CPU
		{B3162270-5DD7-D060-C9CC-1A9520F5A121}.Release|Any CPU.Build.0 = Release|Any CPU
	EndGlobalSection
	GlobalSection(SolutionProperties) = preSolution
		HideSolutionNode = FALSE
	EndGlobalSection
	GlobalSection(ExtensibilityGlobals) = postSolution
		SolutionGuid = {2BD86257-D758-42E3-8E33-41B4E9AE1122}
	EndGlobalSection
EndGlobal
